// !$*UTF8*$!
{
	archiveVersion = 1;
	classes = {
	};
	objectVersion = 56;
	objects = {

/* Begin PBXBuildFile section */
		C494CCA02B30BB670007CCA9 /* AppDelegate.swift in Sources */ = {isa = PBXBuildFile; fileRef = C494CC9F2B30BB670007CCA9 /* AppDelegate.swift */; };
		C494CCA22B30BB670007CCA9 /* SceneDelegate.swift in Sources */ = {isa = PBXBuildFile; fileRef = C494CCA12B30BB670007CCA9 /* SceneDelegate.swift */; };
		C494CCA42B30BB670007CCA9 /* ViewController.swift in Sources */ = {isa = PBXBuildFile; fileRef = C494CCA32B30BB670007CCA9 /* ViewController.swift */; };
		C494CCA92B30BB690007CCA9 /* Assets.xcassets in Resources */ = {isa = PBXBuildFile; fileRef = C494CCA82B30BB690007CCA9 /* Assets.xcassets */; };
		C494CCAC2B30BB690007CCA9 /* LaunchScreen.storyboard in Resources */ = {isa = PBXBuildFile; fileRef = C494CCAA2B30BB690007CCA9 /* LaunchScreen.storyboard */; };
		C494CCBB2B30C5E50007CCA9 /* Hotel.swift in Sources */ = {isa = PBXBuildFile; fileRef = C494CCBA2B30C5E50007CCA9 /* Hotel.swift */; };
		C494CCBD2B30C7150007CCA9 /* Room.swift in Sources */ = {isa = PBXBuildFile; fileRef = C494CCBC2B30C7150007CCA9 /* Room.swift */; };
		C494CCBF2B30C7880007CCA9 /* Tourist.swift in Sources */ = {isa = PBXBuildFile; fileRef = C494CCBE2B30C7880007CCA9 /* Tourist.swift */; };
		C494CCC12B30C7E20007CCA9 /* Tour.swift in Sources */ = {isa = PBXBuildFile; fileRef = C494CCC02B30C7E20007CCA9 /* Tour.swift */; };
		C494CCC42B30CC320007CCA9 /* UICollectionView+Reusable+Ext.swift in Sources */ = {isa = PBXBuildFile; fileRef = C494CCC32B30CC320007CCA9 /* UICollectionView+Reusable+Ext.swift */; };
		C494CCC62B30CCB90007CCA9 /* HotelViewController.swift in Sources */ = {isa = PBXBuildFile; fileRef = C494CCC52B30CCB90007CCA9 /* HotelViewController.swift */; };
		C494CCC92B30CCDE0007CCA9 /* HotelViewModel.swift in Sources */ = {isa = PBXBuildFile; fileRef = C494CCC82B30CCDE0007CCA9 /* HotelViewModel.swift */; };
		C494CCCB2B30CD080007CCA9 /* HotelViewModelProtocol.swift in Sources */ = {isa = PBXBuildFile; fileRef = C494CCCA2B30CD080007CCA9 /* HotelViewModelProtocol.swift */; };
		C494CCCE2B30CD7B0007CCA9 /* RoomViewModel.swift in Sources */ = {isa = PBXBuildFile; fileRef = C494CCCD2B30CD7B0007CCA9 /* RoomViewModel.swift */; };
		C494CCD02B30CD8D0007CCA9 /* RoomViewModelProtocol.swift in Sources */ = {isa = PBXBuildFile; fileRef = C494CCCF2B30CD8D0007CCA9 /* RoomViewModelProtocol.swift */; };
		C494CCD22B30CDBB0007CCA9 /* RoomViewController.swift in Sources */ = {isa = PBXBuildFile; fileRef = C494CCD12B30CDBB0007CCA9 /* RoomViewController.swift */; };
		C494CCD52B30CE040007CCA9 /* BookingViewModelProtocol.swift in Sources */ = {isa = PBXBuildFile; fileRef = C494CCD42B30CE040007CCA9 /* BookingViewModelProtocol.swift */; };
		C494CCD92B30CE410007CCA9 /* BookingViewModel.swift in Sources */ = {isa = PBXBuildFile; fileRef = C494CCD82B30CE410007CCA9 /* BookingViewModel.swift */; };
		C494CCDD2B30CE880007CCA9 /* BookingViewController.swift in Sources */ = {isa = PBXBuildFile; fileRef = C494CCDC2B30CE880007CCA9 /* BookingViewController.swift */; };
		C494CCDF2B30CEB80007CCA9 /* PaymentViewController.swift in Sources */ = {isa = PBXBuildFile; fileRef = C494CCDE2B30CEB80007CCA9 /* PaymentViewController.swift */; };
		C494CCE42B30D0EB0007CCA9 /* NetworkClient.swift in Sources */ = {isa = PBXBuildFile; fileRef = C494CCE32B30D0EB0007CCA9 /* NetworkClient.swift */; };
		C494CCE72B30D1060007CCA9 /* NetworkClientProtocol.swift in Sources */ = {isa = PBXBuildFile; fileRef = C494CCE62B30D1060007CCA9 /* NetworkClientProtocol.swift */; };
		C494CCE92B30DF0C0007CCA9 /* Customer.swift in Sources */ = {isa = PBXBuildFile; fileRef = C494CCE82B30DF0C0007CCA9 /* Customer.swift */; };
		C494CCEC2B30DF670007CCA9 /* Kingfisher in Frameworks */ = {isa = PBXBuildFile; productRef = C494CCEB2B30DF670007CCA9 /* Kingfisher */; };
		C494CCEF2B30DF770007CCA9 /* SnapKit in Frameworks */ = {isa = PBXBuildFile; productRef = C494CCEE2B30DF770007CCA9 /* SnapKit */; };
		C494CCF12B30DF770007CCA9 /* SnapKit-Dynamic in Frameworks */ = {isa = PBXBuildFile; productRef = C494CCF02B30DF770007CCA9 /* SnapKit-Dynamic */; };
		C494CCF42B30E0710007CCA9 /* MainButton.swift in Sources */ = {isa = PBXBuildFile; fileRef = C494CCF32B30E0710007CCA9 /* MainButton.swift */; };
		C494CCF62B30E1100007CCA9 /* CustomNavigationBar.swift in Sources */ = {isa = PBXBuildFile; fileRef = C494CCF52B30E1100007CCA9 /* CustomNavigationBar.swift */; };
		C494CCFA2B30E7BB0007CCA9 /* CoordinatorProtocol.swift in Sources */ = {isa = PBXBuildFile; fileRef = C494CCF92B30E7BB0007CCA9 /* CoordinatorProtocol.swift */; };
		C494CCFC2B30E7DC0007CCA9 /* AppCoordinator.swift in Sources */ = {isa = PBXBuildFile; fileRef = C494CCFB2B30E7DC0007CCA9 /* AppCoordinator.swift */; };
/* End PBXBuildFile section */

/* Begin PBXFileReference section */
		C494CC9C2B30BB670007CCA9 /* YourHotels.app */ = {isa = PBXFileReference; explicitFileType = wrapper.application; includeInIndex = 0; path = YourHotels.app; sourceTree = BUILT_PRODUCTS_DIR; };
		C494CC9F2B30BB670007CCA9 /* AppDelegate.swift */ = {isa = PBXFileReference; lastKnownFileType = sourcecode.swift; path = AppDelegate.swift; sourceTree = "<group>"; };
		C494CCA12B30BB670007CCA9 /* SceneDelegate.swift */ = {isa = PBXFileReference; lastKnownFileType = sourcecode.swift; path = SceneDelegate.swift; sourceTree = "<group>"; };
		C494CCA32B30BB670007CCA9 /* ViewController.swift */ = {isa = PBXFileReference; lastKnownFileType = sourcecode.swift; path = ViewController.swift; sourceTree = "<group>"; };
		C494CCA82B30BB690007CCA9 /* Assets.xcassets */ = {isa = PBXFileReference; lastKnownFileType = folder.assetcatalog; path = Assets.xcassets; sourceTree = "<group>"; };
		C494CCAB2B30BB690007CCA9 /* Base */ = {isa = PBXFileReference; lastKnownFileType = file.storyboard; name = Base; path = Base.lproj/LaunchScreen.storyboard; sourceTree = "<group>"; };
		C494CCAD2B30BB690007CCA9 /* Info.plist */ = {isa = PBXFileReference; lastKnownFileType = text.plist; name = Info.plist; path = ../Info.plist; sourceTree = "<group>"; };
		C494CCBA2B30C5E50007CCA9 /* Hotel.swift */ = {isa = PBXFileReference; lastKnownFileType = sourcecode.swift; path = Hotel.swift; sourceTree = "<group>"; };
		C494CCBC2B30C7150007CCA9 /* Room.swift */ = {isa = PBXFileReference; lastKnownFileType = sourcecode.swift; path = Room.swift; sourceTree = "<group>"; };
		C494CCBE2B30C7880007CCA9 /* Tourist.swift */ = {isa = PBXFileReference; lastKnownFileType = sourcecode.swift; path = Tourist.swift; sourceTree = "<group>"; };
		C494CCC02B30C7E20007CCA9 /* Tour.swift */ = {isa = PBXFileReference; lastKnownFileType = sourcecode.swift; path = Tour.swift; sourceTree = "<group>"; };
		C494CCC32B30CC320007CCA9 /* UICollectionView+Reusable+Ext.swift */ = {isa = PBXFileReference; lastKnownFileType = sourcecode.swift; path = "UICollectionView+Reusable+Ext.swift"; sourceTree = "<group>"; };
		C494CCC52B30CCB90007CCA9 /* HotelViewController.swift */ = {isa = PBXFileReference; lastKnownFileType = sourcecode.swift; path = HotelViewController.swift; sourceTree = "<group>"; };
		C494CCC82B30CCDE0007CCA9 /* HotelViewModel.swift */ = {isa = PBXFileReference; lastKnownFileType = sourcecode.swift; path = HotelViewModel.swift; sourceTree = "<group>"; };
		C494CCCA2B30CD080007CCA9 /* HotelViewModelProtocol.swift */ = {isa = PBXFileReference; lastKnownFileType = sourcecode.swift; path = HotelViewModelProtocol.swift; sourceTree = "<group>"; };
		C494CCCD2B30CD7B0007CCA9 /* RoomViewModel.swift */ = {isa = PBXFileReference; lastKnownFileType = sourcecode.swift; path = RoomViewModel.swift; sourceTree = "<group>"; };
		C494CCCF2B30CD8D0007CCA9 /* RoomViewModelProtocol.swift */ = {isa = PBXFileReference; lastKnownFileType = sourcecode.swift; path = RoomViewModelProtocol.swift; sourceTree = "<group>"; };
		C494CCD12B30CDBB0007CCA9 /* RoomViewController.swift */ = {isa = PBXFileReference; lastKnownFileType = sourcecode.swift; path = RoomViewController.swift; sourceTree = "<group>"; };
		C494CCD42B30CE040007CCA9 /* BookingViewModelProtocol.swift */ = {isa = PBXFileReference; lastKnownFileType = sourcecode.swift; path = BookingViewModelProtocol.swift; sourceTree = "<group>"; };
		C494CCD82B30CE410007CCA9 /* BookingViewModel.swift */ = {isa = PBXFileReference; lastKnownFileType = sourcecode.swift; path = BookingViewModel.swift; sourceTree = "<group>"; };
		C494CCDC2B30CE880007CCA9 /* BookingViewController.swift */ = {isa = PBXFileReference; lastKnownFileType = sourcecode.swift; path = BookingViewController.swift; sourceTree = "<group>"; };
		C494CCDE2B30CEB80007CCA9 /* PaymentViewController.swift */ = {isa = PBXFileReference; lastKnownFileType = sourcecode.swift; path = PaymentViewController.swift; sourceTree = "<group>"; };
		C494CCE32B30D0EB0007CCA9 /* NetworkClient.swift */ = {isa = PBXFileReference; lastKnownFileType = sourcecode.swift; path = NetworkClient.swift; sourceTree = "<group>"; };
		C494CCE62B30D1060007CCA9 /* NetworkClientProtocol.swift */ = {isa = PBXFileReference; lastKnownFileType = sourcecode.swift; path = NetworkClientProtocol.swift; sourceTree = "<group>"; };
		C494CCE82B30DF0C0007CCA9 /* Customer.swift */ = {isa = PBXFileReference; lastKnownFileType = sourcecode.swift; path = Customer.swift; sourceTree = "<group>"; };
		C494CCF32B30E0710007CCA9 /* MainButton.swift */ = {isa = PBXFileReference; lastKnownFileType = sourcecode.swift; path = MainButton.swift; sourceTree = "<group>"; };
		C494CCF52B30E1100007CCA9 /* CustomNavigationBar.swift */ = {isa = PBXFileReference; lastKnownFileType = sourcecode.swift; path = CustomNavigationBar.swift; sourceTree = "<group>"; };
		C494CCF92B30E7BB0007CCA9 /* CoordinatorProtocol.swift */ = {isa = PBXFileReference; lastKnownFileType = sourcecode.swift; path = CoordinatorProtocol.swift; sourceTree = "<group>"; };
		C494CCFB2B30E7DC0007CCA9 /* AppCoordinator.swift */ = {isa = PBXFileReference; lastKnownFileType = sourcecode.swift; path = AppCoordinator.swift; sourceTree = "<group>"; };
/* End PBXFileReference section */

/* Begin PBXFrameworksBuildPhase section */
		C494CC992B30BB670007CCA9 /* Frameworks */ = {
			isa = PBXFrameworksBuildPhase;
			buildActionMask = 2147483647;
			files = (
				C494CCEC2B30DF670007CCA9 /* Kingfisher in Frameworks */,
				C494CCEF2B30DF770007CCA9 /* SnapKit in Frameworks */,
				C494CCF12B30DF770007CCA9 /* SnapKit-Dynamic in Frameworks */,
			);
			runOnlyForDeploymentPostprocessing = 0;
		};
/* End PBXFrameworksBuildPhase section */

/* Begin PBXGroup section */
		C494CC932B30BB670007CCA9 = {
			isa = PBXGroup;
			children = (
				C494CC9E2B30BB670007CCA9 /* YourHotels */,
				C494CC9D2B30BB670007CCA9 /* Products */,
			);
			sourceTree = "<group>";
		};
		C494CC9D2B30BB670007CCA9 /* Products */ = {
			isa = PBXGroup;
			children = (
				C494CC9C2B30BB670007CCA9 /* YourHotels.app */,
			);
			name = Products;
			sourceTree = "<group>";
		};
		C494CC9E2B30BB670007CCA9 /* YourHotels */ = {
			isa = PBXGroup;
			children = (
				C494CCF72B30E78B0007CCA9 /* Coordinator */,
				C494CCAD2B30BB690007CCA9 /* Info.plist */,
				C494CCB32B30BF160007CCA9 /* App */,
				C494CCF22B30DFF30007CCA9 /* Components */,
				C494CCC22B30CC050007CCA9 /* Extensions */,
				C494CCB92B30C5D50007CCA9 /* Models */,
				C494CCB42B30C4A40007CCA9 /* Presentation */,
				C494CCE02B30CFE30007CCA9 /* Resources */,
				C494CCE12B30D08D0007CCA9 /* Services */,
			);
			path = YourHotels;
			sourceTree = "<group>";
		};
		C494CCB32B30BF160007CCA9 /* App */ = {
			isa = PBXGroup;
			children = (
				C494CC9F2B30BB670007CCA9 /* AppDelegate.swift */,
				C494CCA12B30BB670007CCA9 /* SceneDelegate.swift */,
			);
			path = App;
			sourceTree = "<group>";
		};
		C494CCB42B30C4A40007CCA9 /* Presentation */ = {
			isa = PBXGroup;
			children = (
				C494CCB52B30C4BB0007CCA9 /* HotelFlow */,
				C494CCB62B30C4D30007CCA9 /* RoomFlow */,
				C494CCB72B30C56B0007CCA9 /* BookingFlow */,
				C494CCB82B30C5900007CCA9 /* PaymentFlow */,
			);
			path = Presentation;
			sourceTree = "<group>";
		};
		C494CCB52B30C4BB0007CCA9 /* HotelFlow */ = {
			isa = PBXGroup;
			children = (
				C494CCC72B30CCC50007CCA9 /* Protocols */,
				C494CCC52B30CCB90007CCA9 /* HotelViewController.swift */,
				C494CCC82B30CCDE0007CCA9 /* HotelViewModel.swift */,
			);
			path = HotelFlow;
			sourceTree = "<group>";
		};
		C494CCB62B30C4D30007CCA9 /* RoomFlow */ = {
			isa = PBXGroup;
			children = (
				C494CCCC2B30CD640007CCA9 /* Protocols */,
				C494CCCD2B30CD7B0007CCA9 /* RoomViewModel.swift */,
				C494CCD12B30CDBB0007CCA9 /* RoomViewController.swift */,
			);
			path = RoomFlow;
			sourceTree = "<group>";
		};
		C494CCB72B30C56B0007CCA9 /* BookingFlow */ = {
			isa = PBXGroup;
			children = (
				C494CCD32B30CDEC0007CCA9 /* Protocols */,
				C494CCD82B30CE410007CCA9 /* BookingViewModel.swift */,
				C494CCDC2B30CE880007CCA9 /* BookingViewController.swift */,
			);
			path = BookingFlow;
			sourceTree = "<group>";
		};
		C494CCB82B30C5900007CCA9 /* PaymentFlow */ = {
			isa = PBXGroup;
			children = (
				C494CCDE2B30CEB80007CCA9 /* PaymentViewController.swift */,
			);
			path = PaymentFlow;
			sourceTree = "<group>";
		};
		C494CCB92B30C5D50007CCA9 /* Models */ = {
			isa = PBXGroup;
			children = (
				C494CCBA2B30C5E50007CCA9 /* Hotel.swift */,
				C494CCBC2B30C7150007CCA9 /* Room.swift */,
				C494CCBE2B30C7880007CCA9 /* Tourist.swift */,
				C494CCC02B30C7E20007CCA9 /* Tour.swift */,
				C494CCE82B30DF0C0007CCA9 /* Customer.swift */,
			);
			path = Models;
			sourceTree = "<group>";
		};
		C494CCC22B30CC050007CCA9 /* Extensions */ = {
			isa = PBXGroup;
			children = (
				C494CCC32B30CC320007CCA9 /* UICollectionView+Reusable+Ext.swift */,
			);
			path = Extensions;
			sourceTree = "<group>";
		};
		C494CCC72B30CCC50007CCA9 /* Protocols */ = {
			isa = PBXGroup;
			children = (
				C494CCCA2B30CD080007CCA9 /* HotelViewModelProtocol.swift */,
			);
			path = Protocols;
			sourceTree = "<group>";
		};
		C494CCCC2B30CD640007CCA9 /* Protocols */ = {
			isa = PBXGroup;
			children = (
				C494CCCF2B30CD8D0007CCA9 /* RoomViewModelProtocol.swift */,
			);
			path = Protocols;
			sourceTree = "<group>";
		};
		C494CCD32B30CDEC0007CCA9 /* Protocols */ = {
			isa = PBXGroup;
			children = (
				C494CCD42B30CE040007CCA9 /* BookingViewModelProtocol.swift */,
			);
			path = Protocols;
			sourceTree = "<group>";
		};
		C494CCE02B30CFE30007CCA9 /* Resources */ = {
			isa = PBXGroup;
			children = (
				C494CCA32B30BB670007CCA9 /* ViewController.swift */,
				C494CCAA2B30BB690007CCA9 /* LaunchScreen.storyboard */,
				C494CCA82B30BB690007CCA9 /* Assets.xcassets */,
			);
			path = Resources;
			sourceTree = "<group>";
		};
		C494CCE12B30D08D0007CCA9 /* Services */ = {
			isa = PBXGroup;
			children = (
				C494CCE22B30D0D50007CCA9 /* Network */,
			);
			path = Services;
			sourceTree = "<group>";
		};
		C494CCE22B30D0D50007CCA9 /* Network */ = {
			isa = PBXGroup;
			children = (
				C494CCE52B30D0F00007CCA9 /* Protocols */,
				C494CCE32B30D0EB0007CCA9 /* NetworkClient.swift */,
			);
			path = Network;
			sourceTree = "<group>";
		};
		C494CCE52B30D0F00007CCA9 /* Protocols */ = {
			isa = PBXGroup;
			children = (
				C494CCE62B30D1060007CCA9 /* NetworkClientProtocol.swift */,
			);
			path = Protocols;
			sourceTree = "<group>";
		};
		C494CCF22B30DFF30007CCA9 /* Components */ = {
			isa = PBXGroup;
			children = (
				C494CCF32B30E0710007CCA9 /* MainButton.swift */,
				C494CCF52B30E1100007CCA9 /* CustomNavigationBar.swift */,
			);
			path = Components;
			sourceTree = "<group>";
		};
		C494CCF72B30E78B0007CCA9 /* Coordinator */ = {
			isa = PBXGroup;
			children = (
				C494CCF82B30E7950007CCA9 /* Protocols */,
				C494CCFB2B30E7DC0007CCA9 /* AppCoordinator.swift */,
			);
			path = Coordinator;
			sourceTree = "<group>";
		};
		C494CCF82B30E7950007CCA9 /* Protocols */ = {
			isa = PBXGroup;
			children = (
				C494CCF92B30E7BB0007CCA9 /* CoordinatorProtocol.swift */,
			);
			path = Protocols;
			sourceTree = "<group>";
		};
/* End PBXGroup section */

/* Begin PBXNativeTarget section */
		C494CC9B2B30BB670007CCA9 /* YourHotels */ = {
			isa = PBXNativeTarget;
			buildConfigurationList = C494CCB02B30BB690007CCA9 /* Build configuration list for PBXNativeTarget "YourHotels" */;
			buildPhases = (
				C494CC982B30BB670007CCA9 /* Sources */,
				C494CC992B30BB670007CCA9 /* Frameworks */,
				C494CC9A2B30BB670007CCA9 /* Resources */,
			);
			buildRules = (
			);
			dependencies = (
			);
			name = YourHotels;
			packageProductDependencies = (
				C494CCEB2B30DF670007CCA9 /* Kingfisher */,
				C494CCEE2B30DF770007CCA9 /* SnapKit */,
				C494CCF02B30DF770007CCA9 /* SnapKit-Dynamic */,
			);
			productName = YourHotels;
			productReference = C494CC9C2B30BB670007CCA9 /* YourHotels.app */;
			productType = "com.apple.product-type.application";
		};
/* End PBXNativeTarget section */

/* Begin PBXProject section */
		C494CC942B30BB670007CCA9 /* Project object */ = {
			isa = PBXProject;
			attributes = {
				BuildIndependentTargetsInParallel = 1;
				LastSwiftUpdateCheck = 1510;
				LastUpgradeCheck = 1510;
				TargetAttributes = {
					C494CC9B2B30BB670007CCA9 = {
						CreatedOnToolsVersion = 15.1;
					};
				};
			};
			buildConfigurationList = C494CC972B30BB670007CCA9 /* Build configuration list for PBXProject "YourHotels" */;
			compatibilityVersion = "Xcode 14.0";
			developmentRegion = en;
			hasScannedForEncodings = 0;
			knownRegions = (
				en,
				Base,
			);
			mainGroup = C494CC932B30BB670007CCA9;
			packageReferences = (
				C494CCEA2B30DF670007CCA9 /* XCRemoteSwiftPackageReference "Kingfisher" */,
				C494CCED2B30DF770007CCA9 /* XCRemoteSwiftPackageReference "SnapKit" */,
			);
			productRefGroup = C494CC9D2B30BB670007CCA9 /* Products */;
			projectDirPath = "";
			projectRoot = "";
			targets = (
				C494CC9B2B30BB670007CCA9 /* YourHotels */,
			);
		};
/* End PBXProject section */

/* Begin PBXResourcesBuildPhase section */
		C494CC9A2B30BB670007CCA9 /* Resources */ = {
			isa = PBXResourcesBuildPhase;
			buildActionMask = 2147483647;
			files = (
				C494CCAC2B30BB690007CCA9 /* LaunchScreen.storyboard in Resources */,
				C494CCA92B30BB690007CCA9 /* Assets.xcassets in Resources */,
			);
			runOnlyForDeploymentPostprocessing = 0;
		};
/* End PBXResourcesBuildPhase section */

/* Begin PBXSourcesBuildPhase section */
		C494CC982B30BB670007CCA9 /* Sources */ = {
			isa = PBXSourcesBuildPhase;
			buildActionMask = 2147483647;
			files = (
				C494CCE42B30D0EB0007CCA9 /* NetworkClient.swift in Sources */,
				C494CCC12B30C7E20007CCA9 /* Tour.swift in Sources */,
				C494CCFC2B30E7DC0007CCA9 /* AppCoordinator.swift in Sources */,
				C494CCFA2B30E7BB0007CCA9 /* CoordinatorProtocol.swift in Sources */,
				C494CCC62B30CCB90007CCA9 /* HotelViewController.swift in Sources */,
				C494CCA42B30BB670007CCA9 /* ViewController.swift in Sources */,
				C494CCC92B30CCDE0007CCA9 /* HotelViewModel.swift in Sources */,
				C494CCA02B30BB670007CCA9 /* AppDelegate.swift in Sources */,
				C494CCBF2B30C7880007CCA9 /* Tourist.swift in Sources */,
				C494CCF62B30E1100007CCA9 /* CustomNavigationBar.swift in Sources */,
				C494CCD92B30CE410007CCA9 /* BookingViewModel.swift in Sources */,
				C494CCDF2B30CEB80007CCA9 /* PaymentViewController.swift in Sources */,
				C494CCE72B30D1060007CCA9 /* NetworkClientProtocol.swift in Sources */,
				C494CCBB2B30C5E50007CCA9 /* Hotel.swift in Sources */,
				C494CCCE2B30CD7B0007CCA9 /* RoomViewModel.swift in Sources */,
				C494CCC42B30CC320007CCA9 /* UICollectionView+Reusable+Ext.swift in Sources */,
				C494CCD22B30CDBB0007CCA9 /* RoomViewController.swift in Sources */,
				C494CCDD2B30CE880007CCA9 /* BookingViewController.swift in Sources */,
				C494CCE92B30DF0C0007CCA9 /* Customer.swift in Sources */,
				C494CCD02B30CD8D0007CCA9 /* RoomViewModelProtocol.swift in Sources */,
				C494CCCB2B30CD080007CCA9 /* HotelViewModelProtocol.swift in Sources */,
				C494CCF42B30E0710007CCA9 /* MainButton.swift in Sources */,
				C494CCD52B30CE040007CCA9 /* BookingViewModelProtocol.swift in Sources */,
				C494CCA22B30BB670007CCA9 /* SceneDelegate.swift in Sources */,
				C494CCBD2B30C7150007CCA9 /* Room.swift in Sources */,
			);
			runOnlyForDeploymentPostprocessing = 0;
		};
/* End PBXSourcesBuildPhase section */

/* Begin PBXVariantGroup section */
		C494CCAA2B30BB690007CCA9 /* LaunchScreen.storyboard */ = {
			isa = PBXVariantGroup;
			children = (
				C494CCAB2B30BB690007CCA9 /* Base */,
			);
			name = LaunchScreen.storyboard;
			sourceTree = "<group>";
		};
/* End PBXVariantGroup section */

/* Begin XCBuildConfiguration section */
		C494CCAE2B30BB690007CCA9 /* Debug */ = {
			isa = XCBuildConfiguration;
			buildSettings = {
				ALWAYS_SEARCH_USER_PATHS = NO;
				ASSETCATALOG_COMPILER_GENERATE_SWIFT_ASSET_SYMBOL_EXTENSIONS = YES;
				CLANG_ANALYZER_NONNULL = YES;
				CLANG_ANALYZER_NUMBER_OBJECT_CONVERSION = YES_AGGRESSIVE;
				CLANG_CXX_LANGUAGE_STANDARD = "gnu++20";
				CLANG_ENABLE_MODULES = YES;
				CLANG_ENABLE_OBJC_ARC = YES;
				CLANG_ENABLE_OBJC_WEAK = YES;
				CLANG_WARN_BLOCK_CAPTURE_AUTORELEASING = YES;
				CLANG_WARN_BOOL_CONVERSION = YES;
				CLANG_WARN_COMMA = YES;
				CLANG_WARN_CONSTANT_CONVERSION = YES;
				CLANG_WARN_DEPRECATED_OBJC_IMPLEMENTATIONS = YES;
				CLANG_WARN_DIRECT_OBJC_ISA_USAGE = YES_ERROR;
				CLANG_WARN_DOCUMENTATION_COMMENTS = YES;
				CLANG_WARN_EMPTY_BODY = YES;
				CLANG_WARN_ENUM_CONVERSION = YES;
				CLANG_WARN_INFINITE_RECURSION = YES;
				CLANG_WARN_INT_CONVERSION = YES;
				CLANG_WARN_NON_LITERAL_NULL_CONVERSION = YES;
				CLANG_WARN_OBJC_IMPLICIT_RETAIN_SELF = YES;
				CLANG_WARN_OBJC_LITERAL_CONVERSION = YES;
				CLANG_WARN_OBJC_ROOT_CLASS = YES_ERROR;
				CLANG_WARN_QUOTED_INCLUDE_IN_FRAMEWORK_HEADER = YES;
				CLANG_WARN_RANGE_LOOP_ANALYSIS = YES;
				CLANG_WARN_STRICT_PROTOTYPES = YES;
				CLANG_WARN_SUSPICIOUS_MOVE = YES;
				CLANG_WARN_UNGUARDED_AVAILABILITY = YES_AGGRESSIVE;
				CLANG_WARN_UNREACHABLE_CODE = YES;
				CLANG_WARN__DUPLICATE_METHOD_MATCH = YES;
				COPY_PHASE_STRIP = NO;
				DEBUG_INFORMATION_FORMAT = dwarf;
				ENABLE_STRICT_OBJC_MSGSEND = YES;
				ENABLE_TESTABILITY = YES;
				ENABLE_USER_SCRIPT_SANDBOXING = YES;
				GCC_C_LANGUAGE_STANDARD = gnu17;
				GCC_DYNAMIC_NO_PIC = NO;
				GCC_NO_COMMON_BLOCKS = YES;
				GCC_OPTIMIZATION_LEVEL = 0;
				GCC_PREPROCESSOR_DEFINITIONS = (
					"DEBUG=1",
					"$(inherited)",
				);
				GCC_WARN_64_TO_32_BIT_CONVERSION = YES;
				GCC_WARN_ABOUT_RETURN_TYPE = YES_ERROR;
				GCC_WARN_UNDECLARED_SELECTOR = YES;
				GCC_WARN_UNINITIALIZED_AUTOS = YES_AGGRESSIVE;
				GCC_WARN_UNUSED_FUNCTION = YES;
				GCC_WARN_UNUSED_VARIABLE = YES;
				IPHONEOS_DEPLOYMENT_TARGET = 15.0;
				LOCALIZATION_PREFERS_STRING_CATALOGS = YES;
				MTL_ENABLE_DEBUG_INFO = INCLUDE_SOURCE;
				MTL_FAST_MATH = YES;
				ONLY_ACTIVE_ARCH = YES;
				SDKROOT = iphoneos;
				SWIFT_ACTIVE_COMPILATION_CONDITIONS = "DEBUG $(inherited)";
				SWIFT_OPTIMIZATION_LEVEL = "-Onone";
			};
			name = Debug;
		};
		C494CCAF2B30BB690007CCA9 /* Release */ = {
			isa = XCBuildConfiguration;
			buildSettings = {
				ALWAYS_SEARCH_USER_PATHS = NO;
				ASSETCATALOG_COMPILER_GENERATE_SWIFT_ASSET_SYMBOL_EXTENSIONS = YES;
				CLANG_ANALYZER_NONNULL = YES;
				CLANG_ANALYZER_NUMBER_OBJECT_CONVERSION = YES_AGGRESSIVE;
				CLANG_CXX_LANGUAGE_STANDARD = "gnu++20";
				CLANG_ENABLE_MODULES = YES;
				CLANG_ENABLE_OBJC_ARC = YES;
				CLANG_ENABLE_OBJC_WEAK = YES;
				CLANG_WARN_BLOCK_CAPTURE_AUTORELEASING = YES;
				CLANG_WARN_BOOL_CONVERSION = YES;
				CLANG_WARN_COMMA = YES;
				CLANG_WARN_CONSTANT_CONVERSION = YES;
				CLANG_WARN_DEPRECATED_OBJC_IMPLEMENTATIONS = YES;
				CLANG_WARN_DIRECT_OBJC_ISA_USAGE = YES_ERROR;
				CLANG_WARN_DOCUMENTATION_COMMENTS = YES;
				CLANG_WARN_EMPTY_BODY = YES;
				CLANG_WARN_ENUM_CONVERSION = YES;
				CLANG_WARN_INFINITE_RECURSION = YES;
				CLANG_WARN_INT_CONVERSION = YES;
				CLANG_WARN_NON_LITERAL_NULL_CONVERSION = YES;
				CLANG_WARN_OBJC_IMPLICIT_RETAIN_SELF = YES;
				CLANG_WARN_OBJC_LITERAL_CONVERSION = YES;
				CLANG_WARN_OBJC_ROOT_CLASS = YES_ERROR;
				CLANG_WARN_QUOTED_INCLUDE_IN_FRAMEWORK_HEADER = YES;
				CLANG_WARN_RANGE_LOOP_ANALYSIS = YES;
				CLANG_WARN_STRICT_PROTOTYPES = YES;
				CLANG_WARN_SUSPICIOUS_MOVE = YES;
				CLANG_WARN_UNGUARDED_AVAILABILITY = YES_AGGRESSIVE;
				CLANG_WARN_UNREACHABLE_CODE = YES;
				CLANG_WARN__DUPLICATE_METHOD_MATCH = YES;
				COPY_PHASE_STRIP = NO;
				DEBUG_INFORMATION_FORMAT = "dwarf-with-dsym";
				ENABLE_NS_ASSERTIONS = NO;
				ENABLE_STRICT_OBJC_MSGSEND = YES;
				ENABLE_USER_SCRIPT_SANDBOXING = YES;
				GCC_C_LANGUAGE_STANDARD = gnu17;
				GCC_NO_COMMON_BLOCKS = YES;
				GCC_WARN_64_TO_32_BIT_CONVERSION = YES;
				GCC_WARN_ABOUT_RETURN_TYPE = YES_ERROR;
				GCC_WARN_UNDECLARED_SELECTOR = YES;
				GCC_WARN_UNINITIALIZED_AUTOS = YES_AGGRESSIVE;
				GCC_WARN_UNUSED_FUNCTION = YES;
				GCC_WARN_UNUSED_VARIABLE = YES;
				IPHONEOS_DEPLOYMENT_TARGET = 15.0;
				LOCALIZATION_PREFERS_STRING_CATALOGS = YES;
				MTL_ENABLE_DEBUG_INFO = NO;
				MTL_FAST_MATH = YES;
				SDKROOT = iphoneos;
				SWIFT_COMPILATION_MODE = wholemodule;
				VALIDATE_PRODUCT = YES;
			};
			name = Release;
		};
		C494CCB12B30BB690007CCA9 /* Debug */ = {
			isa = XCBuildConfiguration;
			buildSettings = {
				ASSETCATALOG_COMPILER_APPICON_NAME = AppIcon;
				ASSETCATALOG_COMPILER_GLOBAL_ACCENT_COLOR_NAME = AccentColor;
				CODE_SIGN_STYLE = Automatic;
				CURRENT_PROJECT_VERSION = 1;
				DEVELOPMENT_TEAM = GJCLMLX2YB;
				GENERATE_INFOPLIST_FILE = YES;
				INFOPLIST_FILE = YourHotels/Info.plist;
				INFOPLIST_KEY_UIApplicationSupportsIndirectInputEvents = YES;
				INFOPLIST_KEY_UILaunchStoryboardName = LaunchScreen;
				INFOPLIST_KEY_UISupportedInterfaceOrientations = UIInterfaceOrientationPortrait;
				IPHONEOS_DEPLOYMENT_TARGET = 15.0;
				LD_RUNPATH_SEARCH_PATHS = (
					"$(inherited)",
					"@executable_path/Frameworks",
				);
				MARKETING_VERSION = 1.0;
				PRODUCT_BUNDLE_IDENTIFIER = ru.RdDevi1.YourHotels;
				PRODUCT_NAME = "$(TARGET_NAME)";
				SUPPORTED_PLATFORMS = "iphoneos iphonesimulator";
				SUPPORTS_MACCATALYST = NO;
				SUPPORTS_MAC_DESIGNED_FOR_IPHONE_IPAD = NO;
				SWIFT_EMIT_LOC_STRINGS = YES;
				SWIFT_VERSION = 5.0;
				TARGETED_DEVICE_FAMILY = 1;
			};
			name = Debug;
		};
		C494CCB22B30BB690007CCA9 /* Release */ = {
			isa = XCBuildConfiguration;
			buildSettings = {
				ASSETCATALOG_COMPILER_APPICON_NAME = AppIcon;
				ASSETCATALOG_COMPILER_GLOBAL_ACCENT_COLOR_NAME = AccentColor;
				CODE_SIGN_STYLE = Automatic;
				CURRENT_PROJECT_VERSION = 1;
				DEVELOPMENT_TEAM = GJCLMLX2YB;
				GENERATE_INFOPLIST_FILE = YES;
				INFOPLIST_FILE = YourHotels/Info.plist;
				INFOPLIST_KEY_UIApplicationSupportsIndirectInputEvents = YES;
				INFOPLIST_KEY_UILaunchStoryboardName = LaunchScreen;
				INFOPLIST_KEY_UISupportedInterfaceOrientations = UIInterfaceOrientationPortrait;
				IPHONEOS_DEPLOYMENT_TARGET = 15.0;
				LD_RUNPATH_SEARCH_PATHS = (
					"$(inherited)",
					"@executable_path/Frameworks",
				);
				MARKETING_VERSION = 1.0;
				PRODUCT_BUNDLE_IDENTIFIER = ru.RdDevi1.YourHotels;
				PRODUCT_NAME = "$(TARGET_NAME)";
				SUPPORTED_PLATFORMS = "iphoneos iphonesimulator";
				SUPPORTS_MACCATALYST = NO;
				SUPPORTS_MAC_DESIGNED_FOR_IPHONE_IPAD = NO;
				SWIFT_EMIT_LOC_STRINGS = YES;
				SWIFT_VERSION = 5.0;
				TARGETED_DEVICE_FAMILY = 1;
			};
			name = Release;
		};
/* End XCBuildConfiguration section */

/* Begin XCConfigurationList section */
		C494CC972B30BB670007CCA9 /* Build configuration list for PBXProject "YourHotels" */ = {
			isa = XCConfigurationList;
			buildConfigurations = (
				C494CCAE2B30BB690007CCA9 /* Debug */,
				C494CCAF2B30BB690007CCA9 /* Release */,
			);
			defaultConfigurationIsVisible = 0;
			defaultConfigurationName = Release;
		};
		C494CCB02B30BB690007CCA9 /* Build configuration list for PBXNativeTarget "YourHotels" */ = {
			isa = XCConfigurationList;
			buildConfigurations = (
				C494CCB12B30BB690007CCA9 /* Debug */,
				C494CCB22B30BB690007CCA9 /* Release */,
			);
			defaultConfigurationIsVisible = 0;
			defaultConfigurationName = Release;
		};
/* End XCConfigurationList section */

/* Begin XCRemoteSwiftPackageReference section */
		C494CCEA2B30DF670007CCA9 /* XCRemoteSwiftPackageReference "Kingfisher" */ = {
			isa = XCRemoteSwiftPackageReference;
			repositoryURL = "https://github.com/onevcat/Kingfisher";
			requirement = {
				kind = upToNextMajorVersion;
				minimumVersion = 7.10.1;
			};
		};
		C494CCED2B30DF770007CCA9 /* XCRemoteSwiftPackageReference "SnapKit" */ = {
			isa = XCRemoteSwiftPackageReference;
			repositoryURL = "https://github.com/SnapKit/SnapKit";
			requirement = {
				kind = upToNextMajorVersion;
				minimumVersion = 5.6.0;
			};
		};
/* End XCRemoteSwiftPackageReference section */

/* Begin XCSwiftPackageProductDependency section */
		C494CCEB2B30DF670007CCA9 /* Kingfisher */ = {
			isa = XCSwiftPackageProductDependency;
			package = C494CCEA2B30DF670007CCA9 /* XCRemoteSwiftPackageReference "Kingfisher" */;
			productName = Kingfisher;
		};
		C494CCEE2B30DF770007CCA9 /* SnapKit */ = {
			isa = XCSwiftPackageProductDependency;
			package = C494CCED2B30DF770007CCA9 /* XCRemoteSwiftPackageReference "SnapKit" */;
			productName = SnapKit;
		};
		C494CCF02B30DF770007CCA9 /* SnapKit-Dynamic */ = {
			isa = XCSwiftPackageProductDependency;
			package = C494CCED2B30DF770007CCA9 /* XCRemoteSwiftPackageReference "SnapKit" */;
			productName = "SnapKit-Dynamic";
		};
/* End XCSwiftPackageProductDependency section */
	};
	rootObject = C494CC942B30BB670007CCA9 /* Project object */;
}
